// !$*UTF8*$!
{
	archiveVersion = 1;
	classes = {
	};
	objectVersion = 46;
	objects = {

/* Begin PBXBuildFile section */
		F1BC212F1DD9E33700F8AEAE /* AppDelegate.swift in Sources */ = {isa = PBXBuildFile; fileRef = F1BC212E1DD9E33700F8AEAE /* AppDelegate.swift */; };
		F1BC21311DD9E33700F8AEAE /* ViewController.swift in Sources */ = {isa = PBXBuildFile; fileRef = F1BC21301DD9E33700F8AEAE /* ViewController.swift */; };
		F1BC21341DD9E33700F8AEAE /* Main.storyboard in Resources */ = {isa = PBXBuildFile; fileRef = F1BC21321DD9E33700F8AEAE /* Main.storyboard */; };
		F1BC21361DD9E33700F8AEAE /* Assets.xcassets in Resources */ = {isa = PBXBuildFile; fileRef = F1BC21351DD9E33700F8AEAE /* Assets.xcassets */; };
		F1BC21391DD9E33700F8AEAE /* LaunchScreen.storyboard in Resources */ = {isa = PBXBuildFile; fileRef = F1BC21371DD9E33700F8AEAE /* LaunchScreen.storyboard */; };
/* End PBXBuildFile section */

/* Begin PBXFileReference section */
		F1BC212B1DD9E33700F8AEAE /* rehab-project.app */ = {isa = PBXFileReference; explicitFileType = wrapper.application; includeInIndex = 0; path = "rehab-project.app"; sourceTree = BUILT_PRODUCTS_DIR; };
		F1BC212E1DD9E33700F8AEAE /* AppDelegate.swift */ = {isa = PBXFileReference; lastKnownFileType = sourcecode.swift; path = AppDelegate.swift; sourceTree = "<group>"; };
		F1BC21301DD9E33700F8AEAE /* ViewController.swift */ = {isa = PBXFileReference; lastKnownFileType = sourcecode.swift; path = ViewController.swift; sourceTree = "<group>"; };
		F1BC21331DD9E33700F8AEAE /* Base */ = {isa = PBXFileReference; lastKnownFileType = file.storyboard; name = Base; path = Base.lproj/Main.storyboard; sourceTree = "<group>"; };
		F1BC21351DD9E33700F8AEAE /* Assets.xcassets */ = {isa = PBXFileReference; lastKnownFileType = folder.assetcatalog; path = Assets.xcassets; sourceTree = "<group>"; };
		F1BC21381DD9E33700F8AEAE /* Base */ = {isa = PBXFileReference; lastKnownFileType = file.storyboard; name = Base; path = Base.lproj/LaunchScreen.storyboard; sourceTree = "<group>"; };
		F1BC213A1DD9E33700F8AEAE /* Info.plist */ = {isa = PBXFileReference; lastKnownFileType = text.plist.xml; path = Info.plist; sourceTree = "<group>"; };
/* End PBXFileReference section */

/* Begin PBXFrameworksBuildPhase section */
		F1BC21281DD9E33200F8AEAE /* Frameworks */ = {
			isa = PBXFrameworksBuildPhase;
			buildActionMask = 2147483647;
			files = (
			);
			runOnlyForDeploymentPostprocessing = 0;
		};
/* End PBXFrameworksBuildPhase section */

/* Begin PBXGroup section */
		F1BC21221DD9E33200F8AEAE = {
			isa = PBXGroup;
			children = (
				F1BC212D1DD9E33700F8AEAE /* rehab-project */,
				F1BC212C1DD9E33700F8AEAE /* Products */,
			);
			sourceTree = "<group>";
		};
		F1BC212C1DD9E33700F8AEAE /* Products */ = {
			isa = PBXGroup;
			children = (
				F1BC212B1DD9E33700F8AEAE /* rehab-project.app */,
			);
			name = Products;
			sourceTree = "<group>";
		};
		F1BC212D1DD9E33700F8AEAE /* rehab-project */ = {
			isa = PBXGroup;
			children = (
				F1BC212E1DD9E33700F8AEAE /* AppDelegate.swift */,
				F1BC21301DD9E33700F8AEAE /* ViewController.swift */,
				F1BC21321DD9E33700F8AEAE /* Main.storyboard */,
				F1BC21351DD9E33700F8AEAE /* Assets.xcassets */,
				F1BC21371DD9E33700F8AEAE /* LaunchScreen.storyboard */,
				F1BC213A1DD9E33700F8AEAE /* Info.plist */,
			);
			path = "rehab-project";
			sourceTree = "<group>";
		};
/* End PBXGroup section */

/* Begin PBXNativeTarget section */
		F1BC212A1DD9E33200F8AEAE /* rehab-project */ = {
			isa = PBXNativeTarget;
			buildConfigurationList = F1BC213D1DD9E33700F8AEAE /* Build configuration list for PBXNativeTarget "rehab-project" */;
			buildPhases = (
				F1BC21271DD9E33200F8AEAE /* Sources */,
				F1BC21281DD9E33200F8AEAE /* Frameworks */,
				F1BC21291DD9E33200F8AEAE /* Resources */,
			);
			buildRules = (
			);
			dependencies = (
			);
			name = "rehab-project";
			productName = "rehab-project";
			productReference = F1BC212B1DD9E33700F8AEAE /* rehab-project.app */;
			productType = "com.apple.product-type.application";
		};
/* End PBXNativeTarget section */

/* Begin PBXProject section */
		F1BC21231DD9E33200F8AEAE /* Project object */ = {
			isa = PBXProject;
			attributes = {
				LastSwiftUpdateCheck = 0800;
				LastUpgradeCheck = 0800;
				ORGANIZATIONNAME = "Elin Sakurai";
				TargetAttributes = {
					F1BC212A1DD9E33200F8AEAE = {
						CreatedOnToolsVersion = 8.0;
						ProvisioningStyle = Automatic;
					};
				};
			};
			buildConfigurationList = F1BC21261DD9E33200F8AEAE /* Build configuration list for PBXProject "rehab-project" */;
			compatibilityVersion = "Xcode 3.2";
			developmentRegion = English;
			hasScannedForEncodings = 0;
			knownRegions = (
				en,
				Base,
			);
			mainGroup = F1BC21221DD9E33200F8AEAE;
			productRefGroup = F1BC212C1DD9E33700F8AEAE /* Products */;
			projectDirPath = "";
			projectRoot = "";
			targets = (
				F1BC212A1DD9E33200F8AEAE /* rehab-project */,
			);
		};
/* End PBXProject section */

/* Begin PBXResourcesBuildPhase section */
		F1BC21291DD9E33200F8AEAE /* Resources */ = {
			isa = PBXResourcesBuildPhase;
			buildActionMask = 2147483647;
			files = (
				F1BC21391DD9E33700F8AEAE /* LaunchScreen.storyboard in Resources */,
				F1BC21361DD9E33700F8AEAE /* Assets.xcassets in Resources */,
				F1BC21341DD9E33700F8AEAE /* Main.storyboard in Resources */,
			);
			runOnlyForDeploymentPostprocessing = 0;
		};
/* End PBXResourcesBuildPhase section */

/* Begin PBXSourcesBuildPhase section */
		F1BC21271DD9E33200F8AEAE /* Sources */ = {
			isa = PBXSourcesBuildPhase;
			buildActionMask = 2147483647;
			files = (
				F1BC21311DD9E33700F8AEAE /* ViewController.swift in Sources */,
				F1BC212F1DD9E33700F8AEAE /* AppDelegate.swift in Sources */,
			);
			runOnlyForDeploymentPostprocessing = 0;
		};
/* End PBXSourcesBuildPhase section */

/* Begin PBXVariantGroup section */
		F1BC21321DD9E33700F8AEAE /* Main.storyboard */ = {
			isa = PBXVariantGroup;
			children = (
				F1BC21331DD9E33700F8AEAE /* Base */,
			);
			name = Main.storyboard;
			sourceTree = "<group>";
		};
		F1BC21371DD9E33700F8AEAE /* LaunchScreen.storyboard */ = {
			isa = PBXVariantGroup;
			children = (
				F1BC21381DD9E33700F8AEAE /* Base */,
			);
			name = LaunchScreen.storyboard;
			sourceTree = "<group>";
		};
/* End PBXVariantGroup section */

/* Begin XCBuildConfiguration section */
		F1BC213B1DD9E33700F8AEAE /* Debug */ = {
			isa = XCBuildConfiguration;
			buildSettings = {
				ALWAYS_SEARCH_USER_PATHS = NO;
				CLANG_ANALYZER_NONNULL = YES;
				CLANG_CXX_LANGUAGE_STANDARD = "gnu++0x";
				CLANG_CXX_LIBRARY = "libc++";
				CLANG_ENABLE_MODULES = YES;
				CLANG_ENABLE_OBJC_ARC = YES;
				CLANG_WARN_BOOL_CONVERSION = YES;
				CLANG_WARN_CONSTANT_CONVERSION = YES;
				CLANG_WARN_DIRECT_OBJC_ISA_USAGE = YES_ERROR;
				CLANG_WARN_DOCUMENTATION_COMMENTS = YES;
				CLANG_WARN_EMPTY_BODY = YES;
				CLANG_WARN_ENUM_CONVERSION = YES;
				CLANG_WARN_INFINITE_RECURSION = YES;
				CLANG_WARN_INT_CONVERSION = YES;
				CLANG_WARN_OBJC_ROOT_CLASS = YES_ERROR;
				CLANG_WARN_SUSPICIOUS_MOVES = YES;
				CLANG_WARN_UNREACHABLE_CODE = YES;
				CLANG_WARN__DUPLICATE_METHOD_MATCH = YES;
				"CODE_SIGN_IDENTITY[sdk=iphoneos*]" = "iPhone Developer";
				COPY_PHASE_STRIP = NO;
				DEBUG_INFORMATION_FORMAT = dwarf;
				ENABLE_STRICT_OBJC_MSGSEND = YES;
				ENABLE_TESTABILITY = YES;
				GCC_C_LANGUAGE_STANDARD = gnu99;
				GCC_DYNAMIC_NO_PIC = NO;
				GCC_NO_COMMON_BLOCKS = YES;
				GCC_OPTIMIZATION_LEVEL = 0;
				GCC_PREPROCESSOR_DEFINITIONS = (
					"DEBUG=1",
					"$(inherited)",
				);
				GCC_WARN_64_TO_32_BIT_CONVERSION = YES;
				GCC_WARN_ABOUT_RETURN_TYPE = YES_ERROR;
				GCC_WARN_UNDECLARED_SELECTOR = YES;
				GCC_WARN_UNINITIALIZED_AUTOS = YES_AGGRESSIVE;
				GCC_WARN_UNUSED_FUNCTION = YES;
				GCC_WARN_UNUSED_VARIABLE = YES;
				IPHONEOS_DEPLOYMENT_TARGET = 10.0;
				MTL_ENABLE_DEBUG_INFO = YES;
				ONLY_ACTIVE_ARCH = YES;
				SDKROOT = iphoneos;
				SWIFT_ACTIVE_COMPILATION_CONDITIONS = DEBUG;
				SWIFT_OPTIMIZATION_LEVEL = "-Onone";
				TARGETED_DEVICE_FAMILY = "1,2";
			};
			name = Debug;
		};
		F1BC213C1DD9E33700F8AEAE /* Release */ = {
			isa = XCBuildConfiguration;
			buildSettings = {
				ALWAYS_SEARCH_USER_PATHS = NO;
				CLANG_ANALYZER_NONNULL = YES;
				CLANG_CXX_LANGUAGE_STANDARD = "gnu++0x";
				CLANG_CXX_LIBRARY = "libc++";
				CLANG_ENABLE_MODULES = YES;
				CLANG_ENABLE_OBJC_ARC = YES;
				CLANG_WARN_BOOL_CONVERSION = YES;
				CLANG_WARN_CONSTANT_CONVERSION = YES;
				CLANG_WARN_DIRECT_OBJC_ISA_USAGE = YES_ERROR;
				CLANG_WARN_DOCUMENTATION_COMMENTS = YES;
				CLANG_WARN_EMPTY_BODY = YES;
				CLANG_WARN_ENUM_CONVERSION = YES;
				CLANG_WARN_INFINITE_RECURSION = YES;
				CLANG_WARN_INT_CONVERSION = YES;
				CLANG_WARN_OBJC_ROOT_CLASS = YES_ERROR;
				CLANG_WARN_SUSPICIOUS_MOVES = YES;
				CLANG_WARN_UNREACHABLE_CODE = YES;
				CLANG_WARN__DUPLICATE_METHOD_MATCH = YES;
				"CODE_SIGN_IDENTITY[sdk=iphoneos*]" = "iPhone Developer";
				COPY_PHASE_STRIP = NO;
				DEBUG_INFORMATION_FORMAT = "dwarf-with-dsym";
				ENABLE_NS_ASSERTIONS = NO;
				ENABLE_STRICT_OBJC_MSGSEND = YES;
				GCC_C_LANGUAGE_STANDARD = gnu99;
				GCC_NO_COMMON_BLOCKS = YES;
				GCC_WARN_64_TO_32_BIT_CONVERSION = YES;
				GCC_WARN_ABOUT_RETURN_TYPE = YES_ERROR;
				GCC_WARN_UNDECLARED_SELECTOR = YES;
				GCC_WARN_UNINITIALIZED_AUTOS = YES_AGGRESSIVE;
				GCC_WARN_UNUSED_FUNCTION = YES;
				GCC_WARN_UNUSED_VARIABLE = YES;
				IPHONEOS_DEPLOYMENT_TARGET = 10.0;
				MTL_ENABLE_DEBUG_INFO = NO;
				SDKROOT = iphoneos;
				SWIFT_OPTIMIZATION_LEVEL = "-Owholemodule";
				TARGETED_DEVICE_FAMILY = "1,2";
				VALIDATE_PRODUCT = YES;
			};
			name = Release;
		};
		F1BC213E1DD9E33700F8AEAE /* Debug */ = {
			isa = XCBuildConfiguration;
			buildSettings = {
				ASSETCATALOG_COMPILER_APPICON_NAME = AppIcon;
				INFOPLIST_FILE = "rehab-project/Info.plist";
				LD_RUNPATH_SEARCH_PATHS = "$(inherited) @executable_path/Frameworks";
				PRODUCT_BUNDLE_IDENTIFIER = "Sakurai.rehab-project";
				PRODUCT_NAME = "$(TARGET_NAME)";
				SWIFT_VERSION = 3.0;
			};
			name = Debug;
		};
		F1BC213F1DD9E33700F8AEAE /* Release */ = {
			isa = XCBuildConfiguration;
			buildSettings = {
				ASSETCATALOG_COMPILER_APPICON_NAME = AppIcon;
				INFOPLIST_FILE = "rehab-project/Info.plist";
				LD_RUNPATH_SEARCH_PATHS = "$(inherited) @executable_path/Frameworks";
				PRODUCT_BUNDLE_IDENTIFIER = "Sakurai.rehab-project";
				PRODUCT_NAME = "$(TARGET_NAME)";
				SWIFT_VERSION = 3.0;
			};
			name = Release;
		};
/* End XCBuildConfiguration section */

/* Begin XCConfigurationList section */
		F1BC21261DD9E33200F8AEAE /* Build configuration list for PBXProject "rehab-project" */ = {
			isa = XCConfigurationList;
			buildConfigurations = (
				F1BC213B1DD9E33700F8AEAE /* Debug */,
				F1BC213C1DD9E33700F8AEAE /* Release */,
			);
			defaultConfigurationIsVisible = 0;
			defaultConfigurationName = Release;
		};
		F1BC213D1DD9E33700F8AEAE /* Build configuration list for PBXNativeTarget "rehab-project" */ = {
			isa = XCConfigurationList;
			buildConfigurations = (
				F1BC213E1DD9E33700F8AEAE /* Debug */,
				F1BC213F1DD9E33700F8AEAE /* Release */,
			);
			defaultConfigurationIsVisible = 0;
		};
/* End XCConfigurationList section */
	};
	rootObject = F1BC21231DD9E33200F8AEAE /* Project object */;
}
